
Microsoft Visual Studio Solution File, Format Version 12.00
# Visual Studio Version 17
VisualStudioVersion = 17.14.36915.13 d17.14
MinimumVisualStudioVersion = 10.0.40219.1
Project("{FAE04EC0-301F-11D3-BF4B-00C04F79EFBC}") = "WpfAppT", "WpfAppT.csproj", "{D7D832C0-7D7E-4075-8924-30CA4ED895AD}"
EndProject
Global
	GlobalSection(SolutionConfigurationPlatforms) = preSolution
		Debug|Any CPU = Debug|Any CPU
		Release|Any CPU = Release|Any CPU
	EndGlobalSection
	GlobalSection(ProjectConfigurationPlatforms) = postSolution
		{D7D832C0-7D7E-4075-8924-30CA4ED895AD}.Debug|Any CPU.ActiveCfg = Debug|Any CPU
		{D7D832C0-7D7E-4075-8924-30CA4ED895AD}.Debug|Any CPU.Build.0 = Debug|Any CPU
		{D7D832C0-7D7E-4075-8924-30CA4ED895AD}.Release|Any CPU.ActiveCfg = Release|Any CPU
		{D7D832C0-7D7E-4075-8924-30CA4ED895AD}.Release|Any CPU.Build.0 = Release|Any CPU
	EndGlobalSection
	GlobalSection(SolutionProperties) = preSolution
		HideSolutionNode = FALSE
	EndGlobalSection
	GlobalSection(ExtensibilityGlobals) = postSolution
		SolutionGuid = {EFEA37BF-6DA0-40B3-A559-504D8DA80CE2}
	EndGlobalSection
EndGlobal
